
Microsoft Visual Studio Solution File, Format Version 12.00
# Visual Studio Version 17
VisualStudioVersion = 17.9.34723.18
MinimumVisualStudioVersion = 10.0.40219.1
Project("{FAE04EC0-301F-11D3-BF4B-00C04F79EFBC}") = "AppointmentMaker", "AppointmentMaker.csproj", "{250EB5F6-B811-4A6A-ACC5-945F571104A8}"
EndProject
Global
	GlobalSection(SolutionConfigurationPlatforms) = preSolution
		Debug|Any CPU = Debug|Any CPU
		Release|Any CPU = Release|Any CPU
	EndGlobalSection
	GlobalSection(ProjectConfigurationPlatforms) = postSolution
		{250EB5F6-B811-4A6A-ACC5-945F571104A8}.Debug|Any CPU.ActiveCfg = Debug|Any CPU
		{250EB5F6-B811-4A6A-ACC5-945F571104A8}.Debug|Any CPU.Build.0 = Debug|Any CPU
		{250EB5F6-B811-4A6A-ACC5-945F571104A8}.Release|Any CPU.ActiveCfg = Release|Any CPU
		{250EB5F6-B811-4A6A-ACC5-945F571104A8}.Release|Any CPU.Build.0 = Release|Any CPU
	EndGlobalSection
	GlobalSection(SolutionProperties) = preSolution
		HideSolutionNode = FALSE
	EndGlobalSection
	GlobalSection(ExtensibilityGlobals) = postSolution
		SolutionGuid = {C2EE2CB5-5DF8-49E2-9DBA-F5FE52DA2881}
	EndGlobalSection
EndGlobal
